
Microsoft Visual Studio Solution File, Format Version 12.00
# Visual Studio Version 16
VisualStudioVersion = 16.0.30804.86
MinimumVisualStudioVersion = 10.0.40219.1
Project("{FAE04EC0-301F-11D3-BF4B-00C04F79EFBC}") = "superMerktManagementSystem", "superMerktManagementSystem\superMerktManagementSystem.csproj", "{01E78AEE-EAFE-4D54-B251-80E7EDDF568B}"
EndProject
Global
	GlobalSection(SolutionConfigurationPlatforms) = preSolution
		Debug|Any CPU = Debug|Any CPU
		Release|Any CPU = Release|Any CPU
	EndGlobalSection
	GlobalSection(ProjectConfigurationPlatforms) = postSolution
		{01E78AEE-EAFE-4D54-B251-80E7EDDF568B}.Debug|Any CPU.ActiveCfg = Debug|Any CPU
		{01E78AEE-EAFE-4D54-B251-80E7EDDF568B}.Debug|Any CPU.Build.0 = Debug|Any CPU
		{01E78AEE-EAFE-4D54-B251-80E7EDDF568B}.Release|Any CPU.ActiveCfg = Release|Any CPU
		{01E78AEE-EAFE-4D54-B251-80E7EDDF568B}.Release|Any CPU.Build.0 = Release|Any CPU
	EndGlobalSection
	GlobalSection(SolutionProperties) = preSolution
		HideSolutionNode = FALSE
	EndGlobalSection
	GlobalSection(ExtensibilityGlobals) = postSolution
		SolutionGuid = {1002DC75-7D31-43D3-8725-B63AD43A6937}
	EndGlobalSection
EndGlobal
